
Microsoft Visual Studio Solution File, Format Version 12.00
# Visual Studio 15
VisualStudioVersion = 15.0.26730.8
MinimumVisualStudioVersion = 10.0.40219.1
Project("{9A19103F-16F7-4668-BE54-9A1E7A4F7556}") = "BankAccountingSystem.WebApi", "BankAccountingSystem.WebApi\BankAccountingSystem.WebApi.csproj", "{4C8A9486-69C3-400D-AB6A-6D32C0BCC8E7}"
EndProject
Project("{9A19103F-16F7-4668-BE54-9A1E7A4F7556}") = "BankAccountingSystem.EntityLayer", "BankAccountingSystem.EntityLayer\BankAccountingSystem.EntityLayer.csproj", "{BE8D59FF-CEF5-4A8C-AE08-D859FAB2CF33}"
EndProject
Project("{9A19103F-16F7-4668-BE54-9A1E7A4F7556}") = "BankAccountingSystem.DataAccessLayer", "BankAccountingSystem.DataAccessLayer\BankAccountingSystem.DataAccessLayer.csproj", "{142BA118-C600-4D31-97C1-3C513BAEF68B}"
EndProject
Project("{FAE04EC0-301F-11D3-BF4B-00C04F79EFBC}") = "BankAccountingSystem.RepositoryLayer", "BankAccountingSystem.RepositoryLayer\BankAccountingSystem.RepositoryLayer.csproj", "{C0BD55A4-3FB3-4BF8-A5ED-C31DD5FCE9B5}"
EndProject
Global
	GlobalSection(SolutionConfigurationPlatforms) = preSolution
		Debug|Any CPU = Debug|Any CPU
		Release|Any CPU = Release|Any CPU
	EndGlobalSection
	GlobalSection(ProjectConfigurationPlatforms) = postSolution
		{4C8A9486-69C3-400D-AB6A-6D32C0BCC8E7}.Debug|Any CPU.ActiveCfg = Debug|Any CPU
		{4C8A9486-69C3-400D-AB6A-6D32C0BCC8E7}.Debug|Any CPU.Build.0 = Debug|Any CPU
		{4C8A9486-69C3-400D-AB6A-6D32C0BCC8E7}.Release|Any CPU.ActiveCfg = Release|Any CPU
		{4C8A9486-69C3-400D-AB6A-6D32C0BCC8E7}.Release|Any CPU.Build.0 = Release|Any CPU
		{BE8D59FF-CEF5-4A8C-AE08-D859FAB2CF33}.Debug|Any CPU.ActiveCfg = Debug|Any CPU
		{BE8D59FF-CEF5-4A8C-AE08-D859FAB2CF33}.Debug|Any CPU.Build.0 = Debug|Any CPU
		{BE8D59FF-CEF5-4A8C-AE08-D859FAB2CF33}.Release|Any CPU.ActiveCfg = Release|Any CPU
		{BE8D59FF-CEF5-4A8C-AE08-D859FAB2CF33}.Release|Any CPU.Build.0 = Release|Any CPU
		{142BA118-C600-4D31-97C1-3C513BAEF68B}.Debug|Any CPU.ActiveCfg = Debug|Any CPU
		{142BA118-C600-4D31-97C1-3C513BAEF68B}.Debug|Any CPU.Build.0 = Debug|Any CPU
		{142BA118-C600-4D31-97C1-3C513BAEF68B}.Release|Any CPU.ActiveCfg = Release|Any CPU
		{142BA118-C600-4D31-97C1-3C513BAEF68B}.Release|Any CPU.Build.0 = Release|Any CPU
		{C0BD55A4-3FB3-4BF8-A5ED-C31DD5FCE9B5}.Debug|Any CPU.ActiveCfg = Debug|Any CPU
		{C0BD55A4-3FB3-4BF8-A5ED-C31DD5FCE9B5}.Debug|Any CPU.Build.0 = Debug|Any CPU
		{C0BD55A4-3FB3-4BF8-A5ED-C31DD5FCE9B5}.Release|Any CPU.ActiveCfg = Release|Any CPU
		{C0BD55A4-3FB3-4BF8-A5ED-C31DD5FCE9B5}.Release|Any CPU.Build.0 = Release|Any CPU
	EndGlobalSection
	GlobalSection(SolutionProperties) = preSolution
		HideSolutionNode = FALSE
	EndGlobalSection
	GlobalSection(ExtensibilityGlobals) = postSolution
		SolutionGuid = {303A5D5C-E23F-412F-B327-BB85E29E2BE2}
	EndGlobalSection
EndGlobal
